
Microsoft Visual Studio Solution File, Format Version 12.00
# Visual Studio Version 17
VisualStudioVersion = 17.5.33516.290
MinimumVisualStudioVersion = 10.0.40219.1
Project("{FAE04EC0-301F-11D3-BF4B-00C04F79EFBC}") = "NguyenThanhLam_2020601227_proj52", "NguyenThanhLam_2020601227_proj52\NguyenThanhLam_2020601227_proj52.csproj", "{7FC27DAB-2A93-4D7F-871F-13FDC26A1F38}"
EndProject
Global
	GlobalSection(SolutionConfigurationPlatforms) = preSolution
		Debug|Any CPU = Debug|Any CPU
		Release|Any CPU = Release|Any CPU
	EndGlobalSection
	GlobalSection(ProjectConfigurationPlatforms) = postSolution
		{7FC27DAB-2A93-4D7F-871F-13FDC26A1F38}.Debug|Any CPU.ActiveCfg = Debug|Any CPU
		{7FC27DAB-2A93-4D7F-871F-13FDC26A1F38}.Debug|Any CPU.Build.0 = Debug|Any CPU
		{7FC27DAB-2A93-4D7F-871F-13FDC26A1F38}.Release|Any CPU.ActiveCfg = Release|Any CPU
		{7FC27DAB-2A93-4D7F-871F-13FDC26A1F38}.Release|Any CPU.Build.0 = Release|Any CPU
	EndGlobalSection
	GlobalSection(SolutionProperties) = preSolution
		HideSolutionNode = FALSE
	EndGlobalSection
	GlobalSection(ExtensibilityGlobals) = postSolution
		SolutionGuid = {FE75F653-E681-4FE7-8686-F4708BDC631C}
	EndGlobalSection
EndGlobal
