
Microsoft Visual Studio Solution File, Format Version 12.00
# Visual Studio Version 17
VisualStudioVersion = 17.5.33424.131
MinimumVisualStudioVersion = 10.0.40219.1
Project("{FAE04EC0-301F-11D3-BF4B-00C04F79EFBC}") = "Baitap2", "Baitap2\Baitap2.csproj", "{4547ADC1-F171-4538-8D81-DFA0E4E7EFCB}"
EndProject
Project("{FAE04EC0-301F-11D3-BF4B-00C04F79EFBC}") = "Baitap3", "Baitap3\Baitap3.csproj", "{E9945137-B920-4243-BB62-8201A9D92CE8}"
EndProject
Project("{FAE04EC0-301F-11D3-BF4B-00C04F79EFBC}") = "Baitap4", "Baitap4\Baitap4.csproj", "{89349129-AE89-442A-9B6A-982FEE7C8386}"
EndProject
Project("{FAE04EC0-301F-11D3-BF4B-00C04F79EFBC}") = "Baitap5", "Baitap5\Baitap5.csproj", "{4161A099-D139-4105-B9DA-AFEB3FABE0C1}"
EndProject
Project("{9A19103F-16F7-4668-BE54-9A1E7A4F7556}") = "Baitap1", "Baitap1\Baitap1.csproj", "{42547CD4-B81F-41DD-8BB6-79249A00BC0D}"
EndProject
Global
	GlobalSection(SolutionConfigurationPlatforms) = preSolution
		Debug|Any CPU = Debug|Any CPU
		Release|Any CPU = Release|Any CPU
	EndGlobalSection
	GlobalSection(ProjectConfigurationPlatforms) = postSolution
		{4547ADC1-F171-4538-8D81-DFA0E4E7EFCB}.Debug|Any CPU.ActiveCfg = Debug|Any CPU
		{4547ADC1-F171-4538-8D81-DFA0E4E7EFCB}.Debug|Any CPU.Build.0 = Debug|Any CPU
		{4547ADC1-F171-4538-8D81-DFA0E4E7EFCB}.Release|Any CPU.ActiveCfg = Release|Any CPU
		{4547ADC1-F171-4538-8D81-DFA0E4E7EFCB}.Release|Any CPU.Build.0 = Release|Any CPU
		{E9945137-B920-4243-BB62-8201A9D92CE8}.Debug|Any CPU.ActiveCfg = Debug|Any CPU
		{E9945137-B920-4243-BB62-8201A9D92CE8}.Debug|Any CPU.Build.0 = Debug|Any CPU
		{E9945137-B920-4243-BB62-8201A9D92CE8}.Release|Any CPU.ActiveCfg = Release|Any CPU
		{E9945137-B920-4243-BB62-8201A9D92CE8}.Release|Any CPU.Build.0 = Release|Any CPU
		{89349129-AE89-442A-9B6A-982FEE7C8386}.Debug|Any CPU.ActiveCfg = Debug|Any CPU
		{89349129-AE89-442A-9B6A-982FEE7C8386}.Debug|Any CPU.Build.0 = Debug|Any CPU
		{89349129-AE89-442A-9B6A-982FEE7C8386}.Release|Any CPU.ActiveCfg = Release|Any CPU
		{89349129-AE89-442A-9B6A-982FEE7C8386}.Release|Any CPU.Build.0 = Release|Any CPU
		{4161A099-D139-4105-B9DA-AFEB3FABE0C1}.Debug|Any CPU.ActiveCfg = Debug|Any CPU
		{4161A099-D139-4105-B9DA-AFEB3FABE0C1}.Debug|Any CPU.Build.0 = Debug|Any CPU
		{4161A099-D139-4105-B9DA-AFEB3FABE0C1}.Release|Any CPU.ActiveCfg = Release|Any CPU
		{4161A099-D139-4105-B9DA-AFEB3FABE0C1}.Release|Any CPU.Build.0 = Release|Any CPU
		{42547CD4-B81F-41DD-8BB6-79249A00BC0D}.Debug|Any CPU.ActiveCfg = Debug|Any CPU
		{42547CD4-B81F-41DD-8BB6-79249A00BC0D}.Debug|Any CPU.Build.0 = Debug|Any CPU
		{42547CD4-B81F-41DD-8BB6-79249A00BC0D}.Release|Any CPU.ActiveCfg = Release|Any CPU
		{42547CD4-B81F-41DD-8BB6-79249A00BC0D}.Release|Any CPU.Build.0 = Release|Any CPU
	EndGlobalSection
	GlobalSection(SolutionProperties) = preSolution
		HideSolutionNode = FALSE
	EndGlobalSection
	GlobalSection(ExtensibilityGlobals) = postSolution
		SolutionGuid = {BB3D9A9D-AE94-410D-BD00-13F533409586}
	EndGlobalSection
EndGlobal
