
Microsoft Visual Studio Solution File, Format Version 12.00
# Visual Studio Version 17
VisualStudioVersion = 17.4.33122.133
MinimumVisualStudioVersion = 10.0.40219.1
Project("{FAE04EC0-301F-11D3-BF4B-00C04F79EFBC}") = "Homework01", "Homework01\Homework01.csproj", "{CBE59CED-4A3E-472D-9B54-5AAF0543B7B5}"
EndProject
Global
	GlobalSection(SolutionConfigurationPlatforms) = preSolution
		Debug|Any CPU = Debug|Any CPU
		Release|Any CPU = Release|Any CPU
	EndGlobalSection
	GlobalSection(ProjectConfigurationPlatforms) = postSolution
		{CBE59CED-4A3E-472D-9B54-5AAF0543B7B5}.Debug|Any CPU.ActiveCfg = Debug|Any CPU
		{CBE59CED-4A3E-472D-9B54-5AAF0543B7B5}.Debug|Any CPU.Build.0 = Debug|Any CPU
		{CBE59CED-4A3E-472D-9B54-5AAF0543B7B5}.Release|Any CPU.ActiveCfg = Release|Any CPU
		{CBE59CED-4A3E-472D-9B54-5AAF0543B7B5}.Release|Any CPU.Build.0 = Release|Any CPU
	EndGlobalSection
	GlobalSection(SolutionProperties) = preSolution
		HideSolutionNode = FALSE
	EndGlobalSection
	GlobalSection(ExtensibilityGlobals) = postSolution
		SolutionGuid = {6F6E51B4-CFE8-4243-AB90-AE644723A9B7}
	EndGlobalSection
EndGlobal
