
Microsoft Visual Studio Solution File, Format Version 12.00
# Visual Studio Version 17
VisualStudioVersion = 17.4.33122.133
MinimumVisualStudioVersion = 10.0.40219.1
Project("{FAE04EC0-301F-11D3-BF4B-00C04F79EFBC}") = "HaUI_ProjectOne", "HaUI_ProjectOne\HaUI_ProjectOne.csproj", "{FC89D815-A0AE-414F-957E-3134E6632BF0}"
EndProject
Global
	GlobalSection(SolutionConfigurationPlatforms) = preSolution
		Debug|Any CPU = Debug|Any CPU
		Release|Any CPU = Release|Any CPU
	EndGlobalSection
	GlobalSection(ProjectConfigurationPlatforms) = postSolution
		{FC89D815-A0AE-414F-957E-3134E6632BF0}.Debug|Any CPU.ActiveCfg = Debug|Any CPU
		{FC89D815-A0AE-414F-957E-3134E6632BF0}.Debug|Any CPU.Build.0 = Debug|Any CPU
		{FC89D815-A0AE-414F-957E-3134E6632BF0}.Release|Any CPU.ActiveCfg = Release|Any CPU
		{FC89D815-A0AE-414F-957E-3134E6632BF0}.Release|Any CPU.Build.0 = Release|Any CPU
	EndGlobalSection
	GlobalSection(SolutionProperties) = preSolution
		HideSolutionNode = FALSE
	EndGlobalSection
	GlobalSection(ExtensibilityGlobals) = postSolution
		SolutionGuid = {33DE8C94-66D1-4486-8EB3-6133E3694D74}
	EndGlobalSection
EndGlobal
